
Microsoft Visual Studio Solution File, Format Version 12.00
# Visual Studio Version 16
VisualStudioVersion = 16.0.31829.152
MinimumVisualStudioVersion = 10.0.40219.1
Project("{FAE04EC0-301F-11D3-BF4B-00C04F79EFBC}") = "Network", "Network\Network.csproj", "{37BCA38A-B2F6-49F8-A08B-F8AB19E56D93}"
EndProject
Project("{2150E333-8FDC-42A3-9474-1A3956D46DE8}") = "Dependencies", "Dependencies", "{BEF4E67F-C288-40AE-9DEA-1185DE68C7DC}"
EndProject
Project("{FAE04EC0-301F-11D3-BF4B-00C04F79EFBC}") = "Server", "App-Server\Server.csproj", "{3CFBECC2-9430-4AE8-943F-C0A69BD5688F}"
EndProject
Project("{FAE04EC0-301F-11D3-BF4B-00C04F79EFBC}") = "Client1", "App-Client-1\Client1.csproj", "{6F06FA1A-989E-4C35-ABED-026EEF8CD5E9}"
EndProject
Project("{FAE04EC0-301F-11D3-BF4B-00C04F79EFBC}") = "Client2", "App-Client-2\Client2.csproj", "{F986E978-90B2-43EE-A180-E3B7162373B4}"
EndProject
Global
	GlobalSection(SolutionConfigurationPlatforms) = preSolution
		Debug|Any CPU = Debug|Any CPU
		Release|Any CPU = Release|Any CPU
	EndGlobalSection
	GlobalSection(ProjectConfigurationPlatforms) = postSolution
		{37BCA38A-B2F6-49F8-A08B-F8AB19E56D93}.Debug|Any CPU.ActiveCfg = Debug|Any CPU
		{37BCA38A-B2F6-49F8-A08B-F8AB19E56D93}.Debug|Any CPU.Build.0 = Debug|Any CPU
		{37BCA38A-B2F6-49F8-A08B-F8AB19E56D93}.Release|Any CPU.ActiveCfg = Release|Any CPU
		{37BCA38A-B2F6-49F8-A08B-F8AB19E56D93}.Release|Any CPU.Build.0 = Release|Any CPU
		{3CFBECC2-9430-4AE8-943F-C0A69BD5688F}.Debug|Any CPU.ActiveCfg = Debug|Any CPU
		{3CFBECC2-9430-4AE8-943F-C0A69BD5688F}.Debug|Any CPU.Build.0 = Debug|Any CPU
		{3CFBECC2-9430-4AE8-943F-C0A69BD5688F}.Release|Any CPU.ActiveCfg = Release|Any CPU
		{3CFBECC2-9430-4AE8-943F-C0A69BD5688F}.Release|Any CPU.Build.0 = Release|Any CPU
		{6F06FA1A-989E-4C35-ABED-026EEF8CD5E9}.Debug|Any CPU.ActiveCfg = Debug|Any CPU
		{6F06FA1A-989E-4C35-ABED-026EEF8CD5E9}.Debug|Any CPU.Build.0 = Debug|Any CPU
		{6F06FA1A-989E-4C35-ABED-026EEF8CD5E9}.Release|Any CPU.ActiveCfg = Release|Any CPU
		{6F06FA1A-989E-4C35-ABED-026EEF8CD5E9}.Release|Any CPU.Build.0 = Release|Any CPU
		{F986E978-90B2-43EE-A180-E3B7162373B4}.Debug|Any CPU.ActiveCfg = Debug|Any CPU
		{F986E978-90B2-43EE-A180-E3B7162373B4}.Debug|Any CPU.Build.0 = Debug|Any CPU
		{F986E978-90B2-43EE-A180-E3B7162373B4}.Release|Any CPU.ActiveCfg = Release|Any CPU
		{F986E978-90B2-43EE-A180-E3B7162373B4}.Release|Any CPU.Build.0 = Release|Any CPU
	EndGlobalSection
	GlobalSection(SolutionProperties) = preSolution
		HideSolutionNode = FALSE
	EndGlobalSection
	GlobalSection(NestedProjects) = preSolution
		{37BCA38A-B2F6-49F8-A08B-F8AB19E56D93} = {BEF4E67F-C288-40AE-9DEA-1185DE68C7DC}
	EndGlobalSection
	GlobalSection(ExtensibilityGlobals) = postSolution
		SolutionGuid = {A51B4F01-F9FC-4E68-B319-442FD7D3F69C}
	EndGlobalSection
EndGlobal
