
Microsoft Visual Studio Solution File, Format Version 12.00
# Visual Studio Version 16
VisualStudioVersion = 16.0.31829.152
MinimumVisualStudioVersion = 10.0.40219.1
Project("{2150E333-8FDC-42A3-9474-1A3956D46DE8}") = "Dependencies", "Dependencies", "{24129ED5-2046-4426-B5D0-405CA94754EA}"
EndProject
Project("{FAE04EC0-301F-11D3-BF4B-00C04F79EFBC}") = "ServerApplication", "ServerApplication\ServerApplication.csproj", "{3CFBECC2-9430-4AE8-943F-C0A69BD5688F}"
EndProject
Project("{FAE04EC0-301F-11D3-BF4B-00C04F79EFBC}") = "ClientApplication1", "ClientApplication1\ClientApplication1.csproj", "{FDF3145B-A980-4B1D-BF18-AC7E1681BA37}"
EndProject
Project("{FAE04EC0-301F-11D3-BF4B-00C04F79EFBC}") = "ClientApplication2", "ClientApplication2\ClientApplication2.csproj", "{7E3F89D3-5FB8-44B7-A513-E23294D6559B}"
EndProject
Project("{FAE04EC0-301F-11D3-BF4B-00C04F79EFBC}") = "Network", "Network\Network.csproj", "{37BCA38A-B2F6-49F8-A08B-F8AB19E56D93}"
EndProject
Global
	GlobalSection(SolutionConfigurationPlatforms) = preSolution
		Debug|Any CPU = Debug|Any CPU
		Release|Any CPU = Release|Any CPU
	EndGlobalSection
	GlobalSection(ProjectConfigurationPlatforms) = postSolution
		{3CFBECC2-9430-4AE8-943F-C0A69BD5688F}.Debug|Any CPU.ActiveCfg = Debug|Any CPU
		{3CFBECC2-9430-4AE8-943F-C0A69BD5688F}.Debug|Any CPU.Build.0 = Debug|Any CPU
		{3CFBECC2-9430-4AE8-943F-C0A69BD5688F}.Release|Any CPU.ActiveCfg = Release|Any CPU
		{3CFBECC2-9430-4AE8-943F-C0A69BD5688F}.Release|Any CPU.Build.0 = Release|Any CPU
		{FDF3145B-A980-4B1D-BF18-AC7E1681BA37}.Debug|Any CPU.ActiveCfg = Debug|Any CPU
		{FDF3145B-A980-4B1D-BF18-AC7E1681BA37}.Debug|Any CPU.Build.0 = Debug|Any CPU
		{FDF3145B-A980-4B1D-BF18-AC7E1681BA37}.Release|Any CPU.ActiveCfg = Release|Any CPU
		{FDF3145B-A980-4B1D-BF18-AC7E1681BA37}.Release|Any CPU.Build.0 = Release|Any CPU
		{7E3F89D3-5FB8-44B7-A513-E23294D6559B}.Debug|Any CPU.ActiveCfg = Debug|Any CPU
		{7E3F89D3-5FB8-44B7-A513-E23294D6559B}.Debug|Any CPU.Build.0 = Debug|Any CPU
		{7E3F89D3-5FB8-44B7-A513-E23294D6559B}.Release|Any CPU.ActiveCfg = Release|Any CPU
		{7E3F89D3-5FB8-44B7-A513-E23294D6559B}.Release|Any CPU.Build.0 = Release|Any CPU
		{37BCA38A-B2F6-49F8-A08B-F8AB19E56D93}.Debug|Any CPU.ActiveCfg = Debug|Any CPU
		{37BCA38A-B2F6-49F8-A08B-F8AB19E56D93}.Debug|Any CPU.Build.0 = Debug|Any CPU
		{37BCA38A-B2F6-49F8-A08B-F8AB19E56D93}.Release|Any CPU.ActiveCfg = Release|Any CPU
		{37BCA38A-B2F6-49F8-A08B-F8AB19E56D93}.Release|Any CPU.Build.0 = Release|Any CPU
	EndGlobalSection
	GlobalSection(SolutionProperties) = preSolution
		HideSolutionNode = FALSE
	EndGlobalSection
	GlobalSection(NestedProjects) = preSolution
		{37BCA38A-B2F6-49F8-A08B-F8AB19E56D93} = {24129ED5-2046-4426-B5D0-405CA94754EA}
	EndGlobalSection
	GlobalSection(ExtensibilityGlobals) = postSolution
		SolutionGuid = {D8DD469E-396A-4379-B76B-9744A6780404}
	EndGlobalSection
EndGlobal
